
Microsoft Visual Studio Solution File, Format Version 11.00
# Visual C++ Express 2010
Project("{8BC9CEB8-8B4A-11D0-8D11-00A0C91BC942}") = "ctccid", "ctccid.vcxproj", "{CEEAF173-F9EC-4306-BBE4-A85E2641541D}"
EndProject
Project("{8BC9CEB8-8B4A-11D0-8D11-00A0C91BC942}") = "ctccid-test", "ctccid-test.vcxproj", "{58AF235F-FEA6-4D0D-AC64-FEE4C0A25222}"
	ProjectSection(ProjectDependencies) = postProject
		{CEEAF173-F9EC-4306-BBE4-A85E2641541D} = {CEEAF173-F9EC-4306-BBE4-A85E2641541D}
	EndProjectSection
EndProject
Project("{8BC9CEB8-8B4A-11D0-8D11-00A0C91BC942}") = "sc-hsm-pkcs11", "sc-hsm-pkcs11.vcxproj", "{B5F4F293-44EF-404E-848F-7985BFA63137}"
	ProjectSection(ProjectDependencies) = postProject
		{CEEAF173-F9EC-4306-BBE4-A85E2641541D} = {CEEAF173-F9EC-4306-BBE4-A85E2641541D}
	EndProjectSection
EndProject
Project("{8BC9CEB8-8B4A-11D0-8D11-00A0C91BC942}") = "sc-hsm-pkcs11-test", "sc-hsm-pkcs11-test.vcxproj", "{80443FC6-FE31-4D5C-A654-CA01E8D9B196}"
	ProjectSection(ProjectDependencies) = postProject
		{B5F4F293-44EF-404E-848F-7985BFA63137} = {B5F4F293-44EF-404E-848F-7985BFA63137}
	EndProjectSection
EndProject
Project("{8BC9CEB8-8B4A-11D0-8D11-00A0C91BC942}") = "sc-hsm-ultralite", "sc-hsm-ultralite.vcxproj", "{2F95A161-81B8-4DDD-84DC-757948D9C27A}"
	ProjectSection(ProjectDependencies) = postProject
		{CEEAF173-F9EC-4306-BBE4-A85E2641541D} = {CEEAF173-F9EC-4306-BBE4-A85E2641541D}
	EndProjectSection
EndProject
Project("{8BC9CEB8-8B4A-11D0-8D11-00A0C91BC942}") = "sc-hsm-ultralite-sample", "sc-hsm-ultralite-sample.vcxproj", "{CF4F0318-4841-465A-B6A0-ED78618836BB}"
	ProjectSection(ProjectDependencies) = postProject
		{2F95A161-81B8-4DDD-84DC-757948D9C27A} = {2F95A161-81B8-4DDD-84DC-757948D9C27A}
	EndProjectSection
EndProject
Project("{8BC9CEB8-8B4A-11D0-8D11-00A0C91BC942}") = "sc-hsm-ultralite-test", "sc-hsm-ultralite-test.vcxproj", "{E01C9DAC-044E-44E7-A714-F6F74DFCE5F6}"
	ProjectSection(ProjectDependencies) = postProject
		{2F95A161-81B8-4DDD-84DC-757948D9C27A} = {2F95A161-81B8-4DDD-84DC-757948D9C27A}
	EndProjectSection
EndProject
Global
	GlobalSection(SolutionConfigurationPlatforms) = preSolution
		Debug|Mixed Platforms = Debug|Mixed Platforms
		Debug|Win32 = Debug|Win32
		Debug|x86 = Debug|x86
		Release|Mixed Platforms = Release|Mixed Platforms
		Release|Win32 = Release|Win32
		Release|x86 = Release|x86
	EndGlobalSection
	GlobalSection(ProjectConfigurationPlatforms) = postSolution
		{CEEAF173-F9EC-4306-BBE4-A85E2641541D}.Debug|Mixed Platforms.ActiveCfg = Debug|Win32
		{CEEAF173-F9EC-4306-BBE4-A85E2641541D}.Debug|Mixed Platforms.Build.0 = Debug|Win32
		{CEEAF173-F9EC-4306-BBE4-A85E2641541D}.Debug|Win32.ActiveCfg = Debug|Win32
		{CEEAF173-F9EC-4306-BBE4-A85E2641541D}.Debug|Win32.Build.0 = Debug|Win32
		{CEEAF173-F9EC-4306-BBE4-A85E2641541D}.Debug|x86.ActiveCfg = Debug|Win32
		{CEEAF173-F9EC-4306-BBE4-A85E2641541D}.Release|Mixed Platforms.ActiveCfg = Release|Win32
		{CEEAF173-F9EC-4306-BBE4-A85E2641541D}.Release|Mixed Platforms.Build.0 = Release|Win32
		{CEEAF173-F9EC-4306-BBE4-A85E2641541D}.Release|Win32.ActiveCfg = Release|Win32
		{CEEAF173-F9EC-4306-BBE4-A85E2641541D}.Release|Win32.Build.0 = Release|Win32
		{CEEAF173-F9EC-4306-BBE4-A85E2641541D}.Release|x86.ActiveCfg = Release|Win32
		{58AF235F-FEA6-4D0D-AC64-FEE4C0A25222}.Debug|Mixed Platforms.ActiveCfg = Debug|Win32
		{58AF235F-FEA6-4D0D-AC64-FEE4C0A25222}.Debug|Mixed Platforms.Build.0 = Debug|Win32
		{58AF235F-FEA6-4D0D-AC64-FEE4C0A25222}.Debug|Win32.ActiveCfg = Debug|Win32
		{58AF235F-FEA6-4D0D-AC64-FEE4C0A25222}.Debug|Win32.Build.0 = Debug|Win32
		{58AF235F-FEA6-4D0D-AC64-FEE4C0A25222}.Debug|x86.ActiveCfg = Debug|Win32
		{58AF235F-FEA6-4D0D-AC64-FEE4C0A25222}.Release|Mixed Platforms.ActiveCfg = Release|Win32
		{58AF235F-FEA6-4D0D-AC64-FEE4C0A25222}.Release|Mixed Platforms.Build.0 = Release|Win32
		{58AF235F-FEA6-4D0D-AC64-FEE4C0A25222}.Release|Win32.ActiveCfg = Release|Win32
		{58AF235F-FEA6-4D0D-AC64-FEE4C0A25222}.Release|Win32.Build.0 = Release|Win32
		{58AF235F-FEA6-4D0D-AC64-FEE4C0A25222}.Release|x86.ActiveCfg = Release|Win32
		{B5F4F293-44EF-404E-848F-7985BFA63137}.Debug|Mixed Platforms.ActiveCfg = Debug|Win32
		{B5F4F293-44EF-404E-848F-7985BFA63137}.Debug|Mixed Platforms.Build.0 = Debug|Win32
		{B5F4F293-44EF-404E-848F-7985BFA63137}.Debug|Win32.ActiveCfg = Debug|Win32
		{B5F4F293-44EF-404E-848F-7985BFA63137}.Debug|Win32.Build.0 = Debug|Win32
		{B5F4F293-44EF-404E-848F-7985BFA63137}.Debug|x86.ActiveCfg = Debug|Win32
		{B5F4F293-44EF-404E-848F-7985BFA63137}.Release|Mixed Platforms.ActiveCfg = Release|Win32
		{B5F4F293-44EF-404E-848F-7985BFA63137}.Release|Mixed Platforms.Build.0 = Release|Win32
		{B5F4F293-44EF-404E-848F-7985BFA63137}.Release|Win32.ActiveCfg = Release|Win32
		{B5F4F293-44EF-404E-848F-7985BFA63137}.Release|Win32.Build.0 = Release|Win32
		{B5F4F293-44EF-404E-848F-7985BFA63137}.Release|x86.ActiveCfg = Release|Win32
		{80443FC6-FE31-4D5C-A654-CA01E8D9B196}.Debug|Mixed Platforms.ActiveCfg = Debug|Win32
		{80443FC6-FE31-4D5C-A654-CA01E8D9B196}.Debug|Mixed Platforms.Build.0 = Debug|Win32
		{80443FC6-FE31-4D5C-A654-CA01E8D9B196}.Debug|Win32.ActiveCfg = Debug|Win32
		{80443FC6-FE31-4D5C-A654-CA01E8D9B196}.Debug|Win32.Build.0 = Debug|Win32
		{80443FC6-FE31-4D5C-A654-CA01E8D9B196}.Debug|x86.ActiveCfg = Debug|Win32
		{80443FC6-FE31-4D5C-A654-CA01E8D9B196}.Release|Mixed Platforms.ActiveCfg = Release|Win32
		{80443FC6-FE31-4D5C-A654-CA01E8D9B196}.Release|Mixed Platforms.Build.0 = Release|Win32
		{80443FC6-FE31-4D5C-A654-CA01E8D9B196}.Release|Win32.ActiveCfg = Release|Win32
		{80443FC6-FE31-4D5C-A654-CA01E8D9B196}.Release|Win32.Build.0 = Release|Win32
		{80443FC6-FE31-4D5C-A654-CA01E8D9B196}.Release|x86.ActiveCfg = Release|Win32
		{2F95A161-81B8-4DDD-84DC-757948D9C27A}.Debug|Mixed Platforms.ActiveCfg = Debug|Win32
		{2F95A161-81B8-4DDD-84DC-757948D9C27A}.Debug|Mixed Platforms.Build.0 = Debug|Win32
		{2F95A161-81B8-4DDD-84DC-757948D9C27A}.Debug|Win32.ActiveCfg = Debug|Win32
		{2F95A161-81B8-4DDD-84DC-757948D9C27A}.Debug|Win32.Build.0 = Debug|Win32
		{2F95A161-81B8-4DDD-84DC-757948D9C27A}.Debug|x86.ActiveCfg = Debug|Win32
		{2F95A161-81B8-4DDD-84DC-757948D9C27A}.Release|Mixed Platforms.ActiveCfg = Release|Win32
		{2F95A161-81B8-4DDD-84DC-757948D9C27A}.Release|Mixed Platforms.Build.0 = Release|Win32
		{2F95A161-81B8-4DDD-84DC-757948D9C27A}.Release|Win32.ActiveCfg = Release|Win32
		{2F95A161-81B8-4DDD-84DC-757948D9C27A}.Release|Win32.Build.0 = Release|Win32
		{2F95A161-81B8-4DDD-84DC-757948D9C27A}.Release|x86.ActiveCfg = Release|Win32
		{CF4F0318-4841-465A-B6A0-ED78618836BB}.Debug|Mixed Platforms.ActiveCfg = Debug|Win32
		{CF4F0318-4841-465A-B6A0-ED78618836BB}.Debug|Mixed Platforms.Build.0 = Debug|Win32
		{CF4F0318-4841-465A-B6A0-ED78618836BB}.Debug|Win32.ActiveCfg = Debug|Win32
		{CF4F0318-4841-465A-B6A0-ED78618836BB}.Debug|Win32.Build.0 = Debug|Win32
		{CF4F0318-4841-465A-B6A0-ED78618836BB}.Debug|x86.ActiveCfg = Debug|Win32
		{CF4F0318-4841-465A-B6A0-ED78618836BB}.Release|Mixed Platforms.ActiveCfg = Release|Win32
		{CF4F0318-4841-465A-B6A0-ED78618836BB}.Release|Mixed Platforms.Build.0 = Release|Win32
		{CF4F0318-4841-465A-B6A0-ED78618836BB}.Release|Win32.ActiveCfg = Release|Win32
		{CF4F0318-4841-465A-B6A0-ED78618836BB}.Release|Win32.Build.0 = Release|Win32
		{CF4F0318-4841-465A-B6A0-ED78618836BB}.Release|x86.ActiveCfg = Release|Win32
		{E01C9DAC-044E-44E7-A714-F6F74DFCE5F6}.Debug|Mixed Platforms.ActiveCfg = Debug|Win32
		{E01C9DAC-044E-44E7-A714-F6F74DFCE5F6}.Debug|Mixed Platforms.Build.0 = Debug|Win32
		{E01C9DAC-044E-44E7-A714-F6F74DFCE5F6}.Debug|Win32.ActiveCfg = Debug|Win32
		{E01C9DAC-044E-44E7-A714-F6F74DFCE5F6}.Debug|Win32.Build.0 = Debug|Win32
		{E01C9DAC-044E-44E7-A714-F6F74DFCE5F6}.Debug|x86.ActiveCfg = Debug|Win32
		{E01C9DAC-044E-44E7-A714-F6F74DFCE5F6}.Release|Mixed Platforms.ActiveCfg = Release|Win32
		{E01C9DAC-044E-44E7-A714-F6F74DFCE5F6}.Release|Mixed Platforms.Build.0 = Release|Win32
		{E01C9DAC-044E-44E7-A714-F6F74DFCE5F6}.Release|Win32.ActiveCfg = Release|Win32
		{E01C9DAC-044E-44E7-A714-F6F74DFCE5F6}.Release|Win32.Build.0 = Release|Win32
		{E01C9DAC-044E-44E7-A714-F6F74DFCE5F6}.Release|x86.ActiveCfg = Release|Win32
	EndGlobalSection
	GlobalSection(SolutionProperties) = preSolution
		HideSolutionNode = FALSE
	EndGlobalSection
EndGlobal
