
Microsoft Visual Studio Solution File, Format Version 11.00
# Visual Studio 2010
Project("{8BC9CEB8-8B4A-11D0-8D11-00A0C91BC942}") = "sc-hsm-pkcs11", "sc-hsm-pcsc-pkcs11.vcxproj", "{B5F4F293-44EF-404E-848F-7985BFA63137}"
EndProject
Project("{8BC9CEB8-8B4A-11D0-8D11-00A0C91BC942}") = "sc-hsm-pkcs11-test", "sc-hsm-pcsc-pkcs11-test.vcxproj", "{80443FC6-FE31-4D5C-A654-CA01E8D9B196}"
	ProjectSection(ProjectDependencies) = postProject
		{B5F4F293-44EF-404E-848F-7985BFA63137} = {B5F4F293-44EF-404E-848F-7985BFA63137}
	EndProjectSection
EndProject
Project("{8BC9CEB8-8B4A-11D0-8D11-00A0C91BC942}") = "sc-hsm-ultralite", "sc-hsm-pcsc-ultralite.vcxproj", "{2F95A161-81B8-4DDD-84DC-757948D9C27A}"
EndProject
Project("{8BC9CEB8-8B4A-11D0-8D11-00A0C91BC942}") = "sc-hsm-ultralite-test", "sc-hsm-pcsc-ultralite-test.vcxproj", "{E01C9DAC-044E-44E7-A714-F6F74DFCE5F6}"
EndProject
Project("{8BC9CEB8-8B4A-11D0-8D11-00A0C91BC942}") = "sc-hsm-ultralite-sample", "sc-hsm-pcsc-ultralite-sample.vcxproj", "{CF4F0318-4841-465A-B6A0-ED78618836BB}"
EndProject
Global
	GlobalSection(SolutionConfigurationPlatforms) = preSolution
		Debug|Win32 = Debug|Win32
		Debug|x64 = Debug|x64
		Release|Win32 = Release|Win32
		Release|x64 = Release|x64
	EndGlobalSection
	GlobalSection(ProjectConfigurationPlatforms) = postSolution
		{B5F4F293-44EF-404E-848F-7985BFA63137}.Debug|Win32.ActiveCfg = Debug|Win32
		{B5F4F293-44EF-404E-848F-7985BFA63137}.Debug|Win32.Build.0 = Debug|Win32
		{B5F4F293-44EF-404E-848F-7985BFA63137}.Debug|x64.ActiveCfg = Debug|x64
		{B5F4F293-44EF-404E-848F-7985BFA63137}.Debug|x64.Build.0 = Debug|x64
		{B5F4F293-44EF-404E-848F-7985BFA63137}.Release|Win32.ActiveCfg = Release|Win32
		{B5F4F293-44EF-404E-848F-7985BFA63137}.Release|Win32.Build.0 = Release|Win32
		{B5F4F293-44EF-404E-848F-7985BFA63137}.Release|x64.ActiveCfg = Release|x64
		{B5F4F293-44EF-404E-848F-7985BFA63137}.Release|x64.Build.0 = Release|x64
		{80443FC6-FE31-4D5C-A654-CA01E8D9B196}.Debug|Win32.ActiveCfg = Debug|Win32
		{80443FC6-FE31-4D5C-A654-CA01E8D9B196}.Debug|Win32.Build.0 = Debug|Win32
		{80443FC6-FE31-4D5C-A654-CA01E8D9B196}.Debug|x64.ActiveCfg = Debug|x64
		{80443FC6-FE31-4D5C-A654-CA01E8D9B196}.Debug|x64.Build.0 = Debug|x64
		{80443FC6-FE31-4D5C-A654-CA01E8D9B196}.Release|Win32.ActiveCfg = Release|Win32
		{80443FC6-FE31-4D5C-A654-CA01E8D9B196}.Release|Win32.Build.0 = Release|Win32
		{80443FC6-FE31-4D5C-A654-CA01E8D9B196}.Release|x64.ActiveCfg = Release|x64
		{80443FC6-FE31-4D5C-A654-CA01E8D9B196}.Release|x64.Build.0 = Release|x64
		{2F95A161-81B8-4DDD-84DC-757948D9C27A}.Debug|Win32.ActiveCfg = Debug|Win32
		{2F95A161-81B8-4DDD-84DC-757948D9C27A}.Debug|Win32.Build.0 = Debug|Win32
		{2F95A161-81B8-4DDD-84DC-757948D9C27A}.Debug|x64.ActiveCfg = Debug|x64
		{2F95A161-81B8-4DDD-84DC-757948D9C27A}.Debug|x64.Build.0 = Debug|x64
		{2F95A161-81B8-4DDD-84DC-757948D9C27A}.Release|Win32.ActiveCfg = Release|Win32
		{2F95A161-81B8-4DDD-84DC-757948D9C27A}.Release|Win32.Build.0 = Release|Win32
		{2F95A161-81B8-4DDD-84DC-757948D9C27A}.Release|x64.ActiveCfg = Release|x64
		{2F95A161-81B8-4DDD-84DC-757948D9C27A}.Release|x64.Build.0 = Release|x64
		{E01C9DAC-044E-44E7-A714-F6F74DFCE5F6}.Debug|Win32.ActiveCfg = Debug|Win32
		{E01C9DAC-044E-44E7-A714-F6F74DFCE5F6}.Debug|Win32.Build.0 = Debug|Win32
		{E01C9DAC-044E-44E7-A714-F6F74DFCE5F6}.Debug|x64.ActiveCfg = Debug|x64
		{E01C9DAC-044E-44E7-A714-F6F74DFCE5F6}.Debug|x64.Build.0 = Debug|x64
		{E01C9DAC-044E-44E7-A714-F6F74DFCE5F6}.Release|Win32.ActiveCfg = Release|Win32
		{E01C9DAC-044E-44E7-A714-F6F74DFCE5F6}.Release|Win32.Build.0 = Release|Win32
		{E01C9DAC-044E-44E7-A714-F6F74DFCE5F6}.Release|x64.ActiveCfg = Release|x64
		{E01C9DAC-044E-44E7-A714-F6F74DFCE5F6}.Release|x64.Build.0 = Release|x64
		{CF4F0318-4841-465A-B6A0-ED78618836BB}.Debug|Win32.ActiveCfg = Debug|Win32
		{CF4F0318-4841-465A-B6A0-ED78618836BB}.Debug|Win32.Build.0 = Debug|Win32
		{CF4F0318-4841-465A-B6A0-ED78618836BB}.Debug|x64.ActiveCfg = Debug|x64
		{CF4F0318-4841-465A-B6A0-ED78618836BB}.Debug|x64.Build.0 = Debug|x64
		{CF4F0318-4841-465A-B6A0-ED78618836BB}.Release|Win32.ActiveCfg = Release|Win32
		{CF4F0318-4841-465A-B6A0-ED78618836BB}.Release|Win32.Build.0 = Release|Win32
		{CF4F0318-4841-465A-B6A0-ED78618836BB}.Release|x64.ActiveCfg = Release|x64
		{CF4F0318-4841-465A-B6A0-ED78618836BB}.Release|x64.Build.0 = Release|x64
	EndGlobalSection
	GlobalSection(SolutionProperties) = preSolution
		HideSolutionNode = FALSE
	EndGlobalSection
EndGlobal
